
Microsoft Visual Studio Solution File, Format Version 12.00
# Visual Studio Version 17
VisualStudioVersion = 17.12.35707.178
MinimumVisualStudioVersion = 10.0.40219.1
Project("{2150E333-8FDC-42A3-9474-1A3956D46DE8}") = "Core", "Core", "{82378328-9691-476D-A599-E6304CB11CB9}"
EndProject
Project("{2150E333-8FDC-42A3-9474-1A3956D46DE8}") = "Infrastructure", "Infrastructure", "{098E7723-5C7E-4078-98D9-B4D8351E83D9}"
EndProject
Project("{2150E333-8FDC-42A3-9474-1A3956D46DE8}") = "Presentation", "Presentation", "{2870F48E-383B-4B97-82D7-38D857C21ABC}"
EndProject
Project("{FAE04EC0-301F-11D3-BF4B-00C04F79EFBC}") = "RoomRentalSystem.Domain", "RoomRentalSystem.Domain\RoomRentalSystem.Domain.csproj", "{13179313-AFCA-4CD0-BBB8-A4546FF2E162}"
EndProject
Project("{FAE04EC0-301F-11D3-BF4B-00C04F79EFBC}") = "RoomRentalSystem.Application", "RoomRentalSystem.Application\RoomRentalSystem.Application.csproj", "{1396CACC-DFA5-45E4-9FB7-12E3EF68255C}"
EndProject
Project("{FAE04EC0-301F-11D3-BF4B-00C04F79EFBC}") = "RoomRentalSystem.Infrastructure", "RoomRentalSystem.Infrastructure\RoomRentalSystem.Infrastructure.csproj", "{D7D39B64-D5A2-437D-9356-57C93F608931}"
EndProject
Project("{FAE04EC0-301F-11D3-BF4B-00C04F79EFBC}") = "RoomRentalSystem.WebApi", "RoomRentalSystem.WebApi\RoomRentalSystem.WebApi.csproj", "{17B4455F-4117-4F08-9089-12CB9F369167}"
EndProject
Global
	GlobalSection(SolutionConfigurationPlatforms) = preSolution
		Debug|Any CPU = Debug|Any CPU
		Release|Any CPU = Release|Any CPU
	EndGlobalSection
	GlobalSection(ProjectConfigurationPlatforms) = postSolution
		{13179313-AFCA-4CD0-BBB8-A4546FF2E162}.Debug|Any CPU.ActiveCfg = Debug|Any CPU
		{13179313-AFCA-4CD0-BBB8-A4546FF2E162}.Debug|Any CPU.Build.0 = Debug|Any CPU
		{13179313-AFCA-4CD0-BBB8-A4546FF2E162}.Release|Any CPU.ActiveCfg = Release|Any CPU
		{13179313-AFCA-4CD0-BBB8-A4546FF2E162}.Release|Any CPU.Build.0 = Release|Any CPU
		{1396CACC-DFA5-45E4-9FB7-12E3EF68255C}.Debug|Any CPU.ActiveCfg = Debug|Any CPU
		{1396CACC-DFA5-45E4-9FB7-12E3EF68255C}.Debug|Any CPU.Build.0 = Debug|Any CPU
		{1396CACC-DFA5-45E4-9FB7-12E3EF68255C}.Release|Any CPU.ActiveCfg = Release|Any CPU
		{1396CACC-DFA5-45E4-9FB7-12E3EF68255C}.Release|Any CPU.Build.0 = Release|Any CPU
		{D7D39B64-D5A2-437D-9356-57C93F608931}.Debug|Any CPU.ActiveCfg = Debug|Any CPU
		{D7D39B64-D5A2-437D-9356-57C93F608931}.Debug|Any CPU.Build.0 = Debug|Any CPU
		{D7D39B64-D5A2-437D-9356-57C93F608931}.Release|Any CPU.ActiveCfg = Release|Any CPU
		{D7D39B64-D5A2-437D-9356-57C93F608931}.Release|Any CPU.Build.0 = Release|Any CPU
		{17B4455F-4117-4F08-9089-12CB9F369167}.Debug|Any CPU.ActiveCfg = Debug|Any CPU
		{17B4455F-4117-4F08-9089-12CB9F369167}.Debug|Any CPU.Build.0 = Debug|Any CPU
		{17B4455F-4117-4F08-9089-12CB9F369167}.Release|Any CPU.ActiveCfg = Release|Any CPU
		{17B4455F-4117-4F08-9089-12CB9F369167}.Release|Any CPU.Build.0 = Release|Any CPU
	EndGlobalSection
	GlobalSection(SolutionProperties) = preSolution
		HideSolutionNode = FALSE
	EndGlobalSection
	GlobalSection(NestedProjects) = preSolution
		{13179313-AFCA-4CD0-BBB8-A4546FF2E162} = {82378328-9691-476D-A599-E6304CB11CB9}
		{1396CACC-DFA5-45E4-9FB7-12E3EF68255C} = {82378328-9691-476D-A599-E6304CB11CB9}
		{D7D39B64-D5A2-437D-9356-57C93F608931} = {098E7723-5C7E-4078-98D9-B4D8351E83D9}
		{17B4455F-4117-4F08-9089-12CB9F369167} = {2870F48E-383B-4B97-82D7-38D857C21ABC}
	EndGlobalSection
EndGlobal
